
Microsoft Visual Studio Solution File, Format Version 12.00
# Visual Studio 15
VisualStudioVersion = 15.0.34112.143
MinimumVisualStudioVersion = 10.0.40219.1
Project("{FAE04EC0-301F-11D3-BF4B-00C04F79EFBC}") = "AsciiArtGenerator", "AsciiArtGenerator\AsciiArtGenerator.csproj", "{D8ED0B0C-0D33-4163-9FD3-22863EE64036}"
EndProject
Global
	GlobalSection(SolutionConfigurationPlatforms) = preSolution
		Debug|Any CPU = Debug|Any CPU
		Release|Any CPU = Release|Any CPU
	EndGlobalSection
	GlobalSection(ProjectConfigurationPlatforms) = postSolution
		{D8ED0B0C-0D33-4163-9FD3-22863EE64036}.Debug|Any CPU.ActiveCfg = Debug|Any CPU
		{D8ED0B0C-0D33-4163-9FD3-22863EE64036}.Debug|Any CPU.Build.0 = Debug|Any CPU
		{D8ED0B0C-0D33-4163-9FD3-22863EE64036}.Release|Any CPU.ActiveCfg = Release|Any CPU
		{D8ED0B0C-0D33-4163-9FD3-22863EE64036}.Release|Any CPU.Build.0 = Release|Any CPU
	EndGlobalSection
	GlobalSection(SolutionProperties) = preSolution
		HideSolutionNode = FALSE
	EndGlobalSection
	GlobalSection(ExtensibilityGlobals) = postSolution
		SolutionGuid = {B528CD10-AAF2-4B19-A4F0-0F57C95CD6D5}
	EndGlobalSection
EndGlobal
